
Microsoft Visual Studio Solution File, Format Version 12.00
# Visual Studio Version 17
VisualStudioVersion = 17.10.35013.160
MinimumVisualStudioVersion = 10.0.40219.1
Project("{FAE04EC0-301F-11D3-BF4B-00C04F79EFBC}") = "TaskManagementSystem", "TaskManagementSystem\TaskManagementSystem.csproj", "{6E9545DA-E645-4ADD-B7D4-51463E9A23ED}"
EndProject
Global
	GlobalSection(SolutionConfigurationPlatforms) = preSolution
		Debug|Any CPU = Debug|Any CPU
		Release|Any CPU = Release|Any CPU
	EndGlobalSection
	GlobalSection(ProjectConfigurationPlatforms) = postSolution
		{6E9545DA-E645-4ADD-B7D4-51463E9A23ED}.Debug|Any CPU.ActiveCfg = Debug|Any CPU
		{6E9545DA-E645-4ADD-B7D4-51463E9A23ED}.Debug|Any CPU.Build.0 = Debug|Any CPU
		{6E9545DA-E645-4ADD-B7D4-51463E9A23ED}.Release|Any CPU.ActiveCfg = Release|Any CPU
		{6E9545DA-E645-4ADD-B7D4-51463E9A23ED}.Release|Any CPU.Build.0 = Release|Any CPU
	EndGlobalSection
	GlobalSection(SolutionProperties) = preSolution
		HideSolutionNode = FALSE
	EndGlobalSection
	GlobalSection(ExtensibilityGlobals) = postSolution
		SolutionGuid = {9F622EDB-4F78-49D5-904A-6F09DB5A21D7}
	EndGlobalSection
EndGlobal
